<?xml version="1.0" encoding="utf-8"?>
<Project ToolsVersion="4.0" xmlns="http://schemas.microsoft.com/developer/msbuild/2003">
  <ItemGroup>
    <Filter Include="소스 파일">
      <UniqueIdentifier>{4FC737F1-C7A5-4376-A066-2A32D752A2FF}</UniqueIdentifier>
      <Extensions>cpp;c;cc;cxx;c++;cppm;ixx;def;odl;idl;hpj;bat;asm;asmx</Extensions>
    </Filter>
    <Filter Include="헤더 파일">
      <UniqueIdentifier>{93995380-89BD-4b04-88EB-625FBE52EBFB}</UniqueIdentifier>
      <Extensions>h;hh;hpp;hxx;h++;hm;inl;inc;ipp;xsd</Extensions>
    </Filter>
    <Filter Include="리소스 파일">
      <UniqueIdentifier>{67DA6AB6-F800-4c08-8B7A-83BB121AAD01}</UniqueIdentifier>
      <Extensions>rc;ico;cur;bmp;dlg;rc2;rct;bin;rgs;gif;jpg;jpeg;jpe;resx;tiff;tif;png;wav;mfcribbon-ms</Extensions>
    </Filter>
    <Filter Include="Game">
      <UniqueIdentifier>{c10de0db-5026-4926-a311-7870c1aade2f}</UniqueIdentifier>
    </Filter>
    <Filter Include="Offset">
      <UniqueIdentifier>{36b79841-b5bd-4431-a9f5-72f69980b7ee}</UniqueIdentifier>
    </Filter>
    <Filter Include="Game\Data">
      <UniqueIdentifier>{f12baafe-26b6-4577-ae49-2aea15401eff}</UniqueIdentifier>
    </Filter>
    <Filter Include="Utils">
      <UniqueIdentifier>{b6793762-1b22-401e-bd13-613592b09ff6}</UniqueIdentifier>
    </Filter>
    <Filter Include="Utils\Memory">
      <UniqueIdentifier>{d999c732-3ca1-45cc-8f01-96bb5f440466}</UniqueIdentifier>
    </Filter>
    <Filter Include="Utils\INI">
      <UniqueIdentifier>{30bc9a39-746f-44fc-9900-0dc5368ceaab}</UniqueIdentifier>
    </Filter>
    <Filter Include="Game\Setting">
      <UniqueIdentifier>{6e67c974-fabe-41a4-8b82-1ac68cb9794d}</UniqueIdentifier>
    </Filter>
    <Filter Include="Utils\Packet">
      <UniqueIdentifier>{8710e8f6-2294-4504-9933-01141628102e}</UniqueIdentifier>
    </Filter>
  </ItemGroup>
  <ItemGroup>
    <ClCompile Include="dllmain.cpp">
      <Filter>소스 파일</Filter>
    </ClCompile>
    <ClCompile Include="GameProcess.cpp">
      <Filter>Game</Filter>
    </ClCompile>
    <ClCompile Include="ioBaseChar.cpp">
      <Filter>Game\Data</Filter>
    </ClCompile>
    <ClCompile Include="Utils.cpp">
      <Filter>Utils</Filter>
    </ClCompile>
    <ClCompile Include="MemoryManager.cpp">
      <Filter>Utils\Memory</Filter>
    </ClCompile>
    <ClCompile Include="ioHashString.cpp">
      <Filter>Utils</Filter>
    </ClCompile>
    <ClCompile Include="ccddaabb.cpp">
      <Filter>Utils</Filter>
    </ClCompile>
    <ClCompile Include="ioMyInfo.cpp">
      <Filter>Game\Data</Filter>
    </ClCompile>
    <ClCompile Include="ioSkill.cpp">
      <Filter>Game\Data</Filter>
    </ClCompile>
    <ClCompile Include="ioPlayStage.cpp">
      <Filter>Game\Data</Filter>
    </ClCompile>
    <ClCompile Include="INILoader.cpp">
      <Filter>Utils\INI</Filter>
    </ClCompile>
    <ClCompile Include="HeroSetting.cpp">
      <Filter>Game\Setting</Filter>
    </ClCompile>
    <ClCompile Include="SP2Packet.cpp">
      <Filter>Utils\Packet</Filter>
    </ClCompile>
  </ItemGroup>
  <ItemGroup>
    <ClInclude Include="StdAfx.h">
      <Filter>헤더 파일</Filter>
    </ClInclude>
    <ClInclude Include="Offset.h">
      <Filter>Offset</Filter>
    </ClInclude>
    <ClInclude Include="GameProcess.h">
      <Filter>Game</Filter>
    </ClInclude>
    <ClInclude Include="ioBaseChar.h">
      <Filter>Game\Data</Filter>
    </ClInclude>
    <ClInclude Include="Utils.h">
      <Filter>Utils</Filter>
    </ClInclude>
    <ClInclude Include="Singleton.h">
      <Filter>Utils</Filter>
    </ClInclude>
    <ClInclude Include="MemoryManager.h">
      <Filter>Utils\Memory</Filter>
    </ClInclude>
    <ClInclude Include="ioHashString.h">
      <Filter>Utils</Filter>
    </ClInclude>
    <ClInclude Include="CharacterInfo.h">
      <Filter>Game\Data</Filter>
    </ClInclude>
    <ClInclude Include="ccddaabb.h">
      <Filter>Utils</Filter>
    </ClInclude>
    <ClInclude Include="EncryptValue.h">
      <Filter>Utils</Filter>
    </ClInclude>
    <ClInclude Include="ioMyInfo.h">
      <Filter>Game\Data</Filter>
    </ClInclude>
    <ClInclude Include="ioSkill.h">
      <Filter>Game\Data</Filter>
    </ClInclude>
    <ClInclude Include="ioPlayStage.h">
      <Filter>Game\Data</Filter>
    </ClInclude>
    <ClInclude Include="INILoader.h">
      <Filter>Utils\INI</Filter>
    </ClInclude>
    <ClInclude Include="HeroSetting.h">
      <Filter>Game\Setting</Filter>
    </ClInclude>
    <ClInclude Include="CPacket.h">
      <Filter>Utils\Packet</Filter>
    </ClInclude>
    <ClInclude Include="SP2Packet.h">
      <Filter>Utils\Packet</Filter>
    </ClInclude>
  </ItemGroup>
</Project>